
Microsoft Visual Studio Solution File, Format Version 12.00
# Visual Studio 14
VisualStudioVersion = 14.0.25123.0
MinimumVisualStudioVersion = 10.0.40219.1
Project("{54F6ADFB-A77C-4CF1-829B-DA179FB3B13C}") = "Sitecore.Support.97042", "Sitecore.Support.97042\Sitecore.Support.97042.csproj", "{DB3E865F-8B91-4EDF-BECB-87B1B8809C27}"
EndProject
Global
	GlobalSection(SolutionConfigurationPlatforms) = preSolution
		Debug|Any CPU = Debug|Any CPU
		Release|Any CPU = Release|Any CPU
	EndGlobalSection
	GlobalSection(ProjectConfigurationPlatforms) = postSolution
		{DB3E865F-8B91-4EDF-BECB-87B1B8809C27}.Debug|Any CPU.ActiveCfg = Debug|Any CPU
		{DB3E865F-8B91-4EDF-BECB-87B1B8809C27}.Debug|Any CPU.Build.0 = Debug|Any CPU
		{DB3E865F-8B91-4EDF-BECB-87B1B8809C27}.Release|Any CPU.ActiveCfg = Release|Any CPU
		{DB3E865F-8B91-4EDF-BECB-87B1B8809C27}.Release|Any CPU.Build.0 = Release|Any CPU
	EndGlobalSection
	GlobalSection(SolutionProperties) = preSolution
		HideSolutionNode = FALSE
	EndGlobalSection
EndGlobal
